{
    "_readme": [
        "This file locks the dependencies of your project to a known state",
        "Read more about it at https://getcomposer.org/doc/01-basic-usage.md#composer-lock-the-lock-file",
        "This file is @generated automatically"
    ],
    "hash": "3dc927bed978b441ee65b582b4e63b07",
    "content-hash": "cbe41c2ac181bc0f61a9d3553f572dbc",
    "packages": [
        {
            "name": "js-phpize/js-phpize",
            "version": "1.4.1",
            "source": {
                "type": "git",
                "url": "https://github.com/pug-php/js-phpize.git",
                "reference": "04f1f092e4048b89f63a9b69d322b4c2b43a504c"
            },
            "dist": {
                "type": "zip",
                "url": "https://api.github.com/repos/pug-php/js-phpize/zipball/04f1f092e4048b89f63a9b69d322b4c2b43a504c",
                "reference": "04f1f092e4048b89f63a9b69d322b4c2b43a504c",
                "shasum": ""
            },
            "require": {
                "php": ">=5.3.0"
            },
            "require-dev": {
                "codeclimate/php-test-reporter": "dev-master",
                "phpunit/phpunit": ">=4.8 <6.0"
            },
            "type": "library",
            "autoload": {
                "psr-0": {
                    "JsPhpize": "src/"
                }
            },
            "notification-url": "https://packagist.org/downloads/",
            "license": [
                "MIT"
            ],
            "authors": [
                {
                    "name": "Kyle Katarn",
                    "email": "kylekatarnls@gmail.com"
                }
            ],
            "description": "Convert js-like syntax to standalone PHP code.",
            "time": "2017-05-31 09:23:06"
        },
        {
            "name": "nodejs-php-fallback/nodejs-php-fallback",
            "version": "1.2.8",
            "source": {
                "type": "git",
                "url": "https://github.com/kylekatarnls/nodejs-php-fallback.git",
                "reference": "b7a1e744ec5ad3e642da2c5d20c6fc69047e4b37"
            },
            "dist": {
                "type": "zip",
                "url": "https://api.github.com/repos/kylekatarnls/nodejs-php-fallback/zipball/b7a1e744ec5ad3e642da2c5d20c6fc69047e4b37",
                "reference": "b7a1e744ec5ad3e642da2c5d20c6fc69047e4b37",
                "shasum": ""
            },
            "require": {
                "composer-plugin-api": "^1.0",
                "php": ">=5.3.0"
            },
            "require-dev": {
                "codeclimate/php-test-reporter": "dev-master",
                "composer/composer": "^1.2",
                "phpunit/phpunit": ">=4.8 <6.0"
            },
            "type": "composer-plugin",
            "extra": {
                "class": "NodejsPhpFallback\\ComposerPlugin"
            },
            "autoload": {
                "psr-0": {
                    "NodejsPhpFallback\\": "src/"
                }
            },
            "notification-url": "https://packagist.org/downloads/",
            "authors": [
                {
                    "name": "Kyle",
                    "email": "kylekatarnls@gmail.com"
                }
            ],
            "description": "Allow you to call node.js module or scripts throught PHP and call a fallback function if node.js is not available",
            "time": "2017-05-12 10:16:01"
        },
        {
            "name": "pug-php/pug",
            "version": "2.6.0",
            "source": {
                "type": "git",
                "url": "https://github.com/pug-php/pug.git",
                "reference": "403c8c0a3af5e71b6cea8c44a50564caf7052bd6"
            },
            "dist": {
                "type": "zip",
                "url": "https://api.github.com/repos/pug-php/pug/zipball/403c8c0a3af5e71b6cea8c44a50564caf7052bd6",
                "reference": "403c8c0a3af5e71b6cea8c44a50564caf7052bd6",
                "shasum": ""
            },
            "require": {
                "js-phpize/js-phpize": "^1.2",
                "nodejs-php-fallback/nodejs-php-fallback": "^1.2",
                "php": ">=5.3.0"
            },
            "replace": {
                "kylekatarnls/jade-php": "self.version"
            },
            "require-dev": {
                "codeclimate/php-test-reporter": ">=0.3",
                "phpunit/phpunit": ">=4.8 <6.0"
            },
            "type": "library",
            "extra": {
                "npm": {
                    "pug-cli": "^1.0.0-alpha6"
                }
            },
            "autoload": {
                "psr-0": {
                    "Pug\\": "src/",
                    "Jade\\": "src/"
                }
            },
            "notification-url": "https://packagist.org/downloads/",
            "license": [
                "MIT"
            ],
            "authors": [
                {
                    "name": "Janez Troha",
                    "email": "janez.troha@gmail.com",
                    "homepage": "http://flavors.me/dz0ny",
                    "role": "Maintainer"
                },
                {
                    "name": "Luke GB",
                    "email": "git@lukegb.com",
                    "homepage": "http://twitter.com/lukegb",
                    "role": "Maintainer"
                },
                {
                    "name": "Ronan Tessier",
                    "email": "ronan.tessier@vaconsulting.lu",
                    "homepage": "http://github.com/ronan-gloo",
                    "role": "Maintainer"
                },
                {
                    "name": "kylekatarnls",
                    "email": "jade-php@selfbuild.fr",
                    "homepage": "http://github.com/kylekatarnls",
                    "role": "Developer"
                },
                {
                    "name": "volter9",
                    "homepage": "https://github.com/volter9",
                    "role": "Developer"
                },
                {
                    "name": "sisoftrg",
                    "homepage": "https://github.com/sisoftrg",
                    "role": "Developer"
                },
                {
                    "name": "hackaugusto",
                    "homepage": "https://github.com/hackaugusto",
                    "role": "Developer"
                },
                {
                    "name": "peniar",
                    "homepage": "https://github.com/peniar",
                    "role": "Developer"
                },
                {
                    "name": "NSinopoli",
                    "homepage": "https://github.com/NSinopoli",
                    "role": "Developer"
                },
                {
                    "name": "DJRanger",
                    "homepage": "https://github.com/DJRanger",
                    "role": "Contributor"
                },
                {
                    "name": "fcrosfly",
                    "homepage": "https://github.com/fcrosfly",
                    "role": "Contributor"
                },
                {
                    "name": "Soviut",
                    "homepage": "http://github.com/Soviut",
                    "role": "Contributor"
                },
                {
                    "name": "just-paja",
                    "homepage": "http://github.com/just-paja",
                    "role": "Contributor"
                },
                {
                    "name": "cjonasw",
                    "homepage": "http://github.com/cjonasw",
                    "role": "Contributor"
                },
                {
                    "name": "s4msung",
                    "homepage": "http://github.com/s4msung",
                    "role": "Contributor"
                },
                {
                    "name": "sadjow",
                    "homepage": "http://github.com/sadjow",
                    "role": "Contributor"
                },
                {
                    "name": "hkjels",
                    "homepage": "http://github.com/hkjels",
                    "role": "Contributor"
                },
                {
                    "name": "krizalys",
                    "homepage": "http://github.com/krizalys",
                    "role": "Contributor"
                },
                {
                    "name": "sszigeti",
                    "homepage": "http://github.com/sszigeti",
                    "role": "Contributor"
                },
                {
                    "name": "Konstantin Kudryashov",
                    "email": "konstantin.kudryashov@knplabs.com",
                    "homepage": "http://about.me/everzet",
                    "role": "Developer"
                },
                {
                    "name": "Marco \"Debo\" De Bortoli",
                    "homepage": "https://github.com/debo",
                    "role": "contributor"
                }
            ],
            "description": "HAML-like template engine for PHP 5.3",
            "homepage": "https://github.com/pug-php/pug",
            "keywords": [
                "jade",
                "minification",
                "pug",
                "template"
            ],
            "time": "2017-05-29 14:34:40"
        },
        {
            "name": "symfony/polyfill-mbstring",
            "version": "v1.4.0",
            "source": {
                "type": "git",
                "url": "https://github.com/symfony/polyfill-mbstring.git",
                "reference": "f29dca382a6485c3cbe6379f0c61230167681937"
            },
            "dist": {
                "type": "zip",
                "url": "https://api.github.com/repos/symfony/polyfill-mbstring/zipball/f29dca382a6485c3cbe6379f0c61230167681937",
                "reference": "f29dca382a6485c3cbe6379f0c61230167681937",
                "shasum": ""
            },
            "require": {
                "php": ">=5.3.3"
            },
            "suggest": {
                "ext-mbstring": "For best performance"
            },
            "type": "library",
            "extra": {
                "branch-alias": {
                    "dev-master": "1.4-dev"
                }
            },
            "autoload": {
                "psr-4": {
                    "Symfony\\Polyfill\\Mbstring\\": ""
                },
                "files": [
                    "bootstrap.php"
                ]
            },
            "notification-url": "https://packagist.org/downloads/",
            "license": [
                "MIT"
            ],
            "authors": [
                {
                    "name": "Nicolas Grekas",
                    "email": "p@tchwork.com"
                },
                {
                    "name": "Symfony Community",
                    "homepage": "https://symfony.com/contributors"
                }
            ],
            "description": "Symfony polyfill for the Mbstring extension",
            "homepage": "https://symfony.com",
            "keywords": [
                "compatibility",
                "mbstring",
                "polyfill",
                "portable",
                "shim"
            ],
            "time": "2017-06-09 14:24:12"
        },
        {
            "name": "talesoft/tale-config",
            "version": "0.2",
            "source": {
                "type": "git",
                "url": "https://github.com/Talesoft/tale-config.git",
                "reference": "1a9304e99753fa74c4f43722b52388df8015eb03"
            },
            "dist": {
                "type": "zip",
                "url": "https://api.github.com/repos/Talesoft/tale-config/zipball/1a9304e99753fa74c4f43722b52388df8015eb03",
                "reference": "1a9304e99753fa74c4f43722b52388df8015eb03",
                "shasum": ""
            },
            "require": {
                "php": ">=5.5.0",
                "talesoft/tale-factory": "~0.1"
            },
            "suggest": {
                "symfony/yaml": "for YAML-configuration",
                "talesoft/tale-dom": "for XML-configuration"
            },
            "type": "library",
            "autoload": {
                "psr-4": {
                    "Tale\\": ""
                }
            },
            "notification-url": "https://packagist.org/downloads/",
            "license": [
                "MIT"
            ],
            "authors": [
                {
                    "name": "Torben Koehn",
                    "email": "tk@talesoft.io"
                },
                {
                    "name": "Talesoft",
                    "email": "info@talesoft.io",
                    "homepage": "http://talesoft.io"
                }
            ],
            "description": "Lightweight configuration interfaces and utilities",
            "homepage": "http://docs.talesoft.io/tale-framework/tale/config",
            "keywords": [
                "config",
                "options"
            ],
            "time": "2016-03-01 22:39:06"
        },
        {
            "name": "talesoft/tale-factory",
            "version": "0.1",
            "source": {
                "type": "git",
                "url": "https://github.com/Talesoft/tale-factory.git",
                "reference": "63335da0e6b435aa481ea2917b017cf482efa043"
            },
            "dist": {
                "type": "zip",
                "url": "https://api.github.com/repos/Talesoft/tale-factory/zipball/63335da0e6b435aa481ea2917b017cf482efa043",
                "reference": "63335da0e6b435aa481ea2917b017cf482efa043",
                "shasum": ""
            },
            "require": {
                "php": ">=5.5.0"
            },
            "type": "library",
            "autoload": {
                "psr-4": {
                    "Tale\\": ""
                }
            },
            "notification-url": "https://packagist.org/downloads/",
            "license": [
                "MIT"
            ],
            "authors": [
                {
                    "name": "Torben Koehn",
                    "email": "tk@talesoft.io"
                }
            ],
            "description": "A small and lightweight implementation of the factory pattern",
            "homepage": "http://docs.talesoft.io/tale-framework/tale/factory",
            "keywords": [
                "factory"
            ],
            "time": "2016-05-20 21:20:47"
        },
        {
            "name": "talesoft/tale-pug",
            "version": "1.5.1",
            "source": {
                "type": "git",
                "url": "https://github.com/Talesoft/tale-pug.git",
                "reference": "0c710202731f22d6ceba20e46c124eb87ce7c3ba"
            },
            "dist": {
                "type": "zip",
                "url": "https://api.github.com/repos/Talesoft/tale-pug/zipball/0c710202731f22d6ceba20e46c124eb87ce7c3ba",
                "reference": "0c710202731f22d6ceba20e46c124eb87ce7c3ba",
                "shasum": ""
            },
            "require": {
                "php": ">=5.5.0",
                "symfony/polyfill-mbstring": "^1.3.0",
                "talesoft/tale-config": "0.2"
            },
            "suggest": {
                "coffeescript/coffeescript": "Enables CoffeeScript filtering",
                "erusev/parsedown": "Enables Markdown filtering",
                "leafo/lessphp": "Enables LESS filtering",
                "leafo/scssphp": "Enables SASS filtering",
                "neemzy/stylus": "Enables Stylus filtering"
            },
            "bin": [
                "tale-pug"
            ],
            "type": "library",
            "autoload": {
                "psr-4": {
                    "Tale\\Pug\\": ""
                },
                "files": [
                    "functions.php",
                    "Compiler/functions.php"
                ]
            },
            "notification-url": "https://packagist.org/downloads/",
            "license": [
                "MIT"
            ],
            "authors": [
                {
                    "name": "Torben Koehn",
                    "email": "torben@talesoft.codes"
                }
            ],
            "description": "A clean, lightweight and easy-to-use templating engine for PHP based on Pug, formerly Jade",
            "homepage": "http://jade.talesoft.codes",
            "keywords": [
                "dialect",
                "html",
                "jade",
                "php",
                "phtml",
                "presentation",
                "pug",
                "render",
                "template",
                "template-engine",
                "views"
            ],
            "time": "2017-02-19 14:01:39"
        }
    ],
    "packages-dev": [],
    "aliases": [],
    "minimum-stability": "stable",
    "stability-flags": [],
    "prefer-stable": false,
    "prefer-lowest": false,
    "platform": {
        "php": ">=5.3.3"
    },
    "platform-dev": []
}
